
Microsoft Visual Studio Solution File, Format Version 12.00
# Visual Studio 15
VisualStudioVersion = 15.0.34112.143
MinimumVisualStudioVersion = 10.0.40219.1
Project("{FAE04EC0-301F-11D3-BF4B-00C04F79EFBC}") = "ProductMicroservice", "ProductMicroservice\ProductMicroservice.csproj", "{51F081A4-B89F-4813-ADD7-A7A5F25AE3E3}"
EndProject
Global
	GlobalSection(SolutionConfigurationPlatforms) = preSolution
		Debug|Any CPU = Debug|Any CPU
		Release|Any CPU = Release|Any CPU
	EndGlobalSection
	GlobalSection(ProjectConfigurationPlatforms) = postSolution
		{51F081A4-B89F-4813-ADD7-A7A5F25AE3E3}.Debug|Any CPU.ActiveCfg = Debug|Any CPU
		{51F081A4-B89F-4813-ADD7-A7A5F25AE3E3}.Debug|Any CPU.Build.0 = Debug|Any CPU
		{51F081A4-B89F-4813-ADD7-A7A5F25AE3E3}.Release|Any CPU.ActiveCfg = Release|Any CPU
		{51F081A4-B89F-4813-ADD7-A7A5F25AE3E3}.Release|Any CPU.Build.0 = Release|Any CPU
	EndGlobalSection
	GlobalSection(SolutionProperties) = preSolution
		HideSolutionNode = FALSE
	EndGlobalSection
	GlobalSection(ExtensibilityGlobals) = postSolution
		SolutionGuid = {3DE4A51D-BE3B-46A2-94A4-B8D368306070}
	EndGlobalSection
EndGlobal
